
Microsoft Visual Studio Solution File, Format Version 12.00
# Visual Studio 2013
VisualStudioVersion = 12.0.30723.0
MinimumVisualStudioVersion = 10.0.40219.1
Project("{8BC9CEB8-8B4A-11D0-8D11-00A0C91BC942}") = "Plugin", "Plugin\Plugin.vcxproj", "{A48593C7-7CC3-4C46-9705-9BD264A8E95A}"
EndProject
Project("{8BC9CEB8-8B4A-11D0-8D11-00A0C91BC942}") = "PluginTest", "PluginTest\PluginTest.vcxproj", "{324AAA44-A8C8-4F9E-A71F-DF424E485BFA}"
	ProjectSection(ProjectDependencies) = postProject
		{A48593C7-7CC3-4C46-9705-9BD264A8E95A} = {A48593C7-7CC3-4C46-9705-9BD264A8E95A}
	EndProjectSection
EndProject
Project("{2150E333-8FDC-42A3-9474-1A3956D46DE8}") = "Solution Items", "Solution Items", "{70BF8799-0202-41ED-8D9F-3CE7BDCF5985}"
	ProjectSection(SolutionItems) = preProject
		MARS.runsettings = MARS.runsettings
		README.md = README.md
	EndProjectSection
EndProject
Project("{2150E333-8FDC-42A3-9474-1A3956D46DE8}") = "Scripts", "Scripts", "{9BD33D6F-C6DB-4782-9FAA-47D96B0B4B6A}"
	ProjectSection(SolutionItems) = preProject
		Scripts\Export.lua = Scripts\Export.lua
		Scripts\MARS.lua = Scripts\MARS.lua
	EndProjectSection
EndProject
Project("{FAE04EC0-301F-11D3-BF4B-00C04F79EFBC}") = "Common", "Common\Common.csproj", "{66BA848B-01E8-48D1-A49F-64ACBC8FC86F}"
EndProject
Global
	GlobalSection(SolutionConfigurationPlatforms) = preSolution
		Debug|x64 = Debug|x64
		Release|x64 = Release|x64
		Test|x64 = Test|x64
	EndGlobalSection
	GlobalSection(ProjectConfigurationPlatforms) = postSolution
		{A48593C7-7CC3-4C46-9705-9BD264A8E95A}.Debug|x64.ActiveCfg = Debug|x64
		{A48593C7-7CC3-4C46-9705-9BD264A8E95A}.Debug|x64.Build.0 = Debug|x64
		{A48593C7-7CC3-4C46-9705-9BD264A8E95A}.Release|x64.ActiveCfg = Release|x64
		{A48593C7-7CC3-4C46-9705-9BD264A8E95A}.Release|x64.Build.0 = Release|x64
		{A48593C7-7CC3-4C46-9705-9BD264A8E95A}.Test|x64.ActiveCfg = Test|x64
		{A48593C7-7CC3-4C46-9705-9BD264A8E95A}.Test|x64.Build.0 = Test|x64
		{324AAA44-A8C8-4F9E-A71F-DF424E485BFA}.Debug|x64.ActiveCfg = Debug|x64
		{324AAA44-A8C8-4F9E-A71F-DF424E485BFA}.Release|x64.ActiveCfg = Release|x64
		{324AAA44-A8C8-4F9E-A71F-DF424E485BFA}.Test|x64.ActiveCfg = Debug|x64
		{324AAA44-A8C8-4F9E-A71F-DF424E485BFA}.Test|x64.Build.0 = Debug|x64
		{66BA848B-01E8-48D1-A49F-64ACBC8FC86F}.Debug|x64.ActiveCfg = Debug|x64
		{66BA848B-01E8-48D1-A49F-64ACBC8FC86F}.Debug|x64.Build.0 = Debug|x64
		{66BA848B-01E8-48D1-A49F-64ACBC8FC86F}.Release|x64.ActiveCfg = Release|x64
		{66BA848B-01E8-48D1-A49F-64ACBC8FC86F}.Release|x64.Build.0 = Release|x64
		{66BA848B-01E8-48D1-A49F-64ACBC8FC86F}.Test|x64.ActiveCfg = Release|x64
		{66BA848B-01E8-48D1-A49F-64ACBC8FC86F}.Test|x64.Build.0 = Release|x64
	EndGlobalSection
	GlobalSection(SolutionProperties) = preSolution
		HideSolutionNode = FALSE
	EndGlobalSection
EndGlobal
