
Microsoft Visual Studio Solution File, Format Version 12.00
# Visual Studio 14
VisualStudioVersion = 14.0.23107.0
MinimumVisualStudioVersion = 10.0.40219.1
Project("{8BC9CEB8-8B4A-11D0-8D11-00A0C91BC942}") = "Plugin", "Plugin\Plugin.vcxproj", "{A48593C7-7CC3-4C46-9705-9BD264A8E95A}"
	ProjectSection(ProjectDependencies) = postProject
		{B19EB3EC-8944-4735-B332-5E0879C4ED5D} = {B19EB3EC-8944-4735-B332-5E0879C4ED5D}
	EndProjectSection
EndProject
Project("{8BC9CEB8-8B4A-11D0-8D11-00A0C91BC942}") = "PluginTest", "PluginTest\PluginTest.vcxproj", "{324AAA44-A8C8-4F9E-A71F-DF424E485BFA}"
	ProjectSection(ProjectDependencies) = postProject
		{A48593C7-7CC3-4C46-9705-9BD264A8E95A} = {A48593C7-7CC3-4C46-9705-9BD264A8E95A}
	EndProjectSection
EndProject
Project("{2150E333-8FDC-42A3-9474-1A3956D46DE8}") = "Solution Items", "Solution Items", "{70BF8799-0202-41ED-8D9F-3CE7BDCF5985}"
	ProjectSection(SolutionItems) = preProject
		Commands.txt = Commands.txt
		deploy.cmd = deploy.cmd
		MARS.runsettings = MARS.runsettings
		README.md = README.md
	EndProjectSection
EndProject
Project("{2150E333-8FDC-42A3-9474-1A3956D46DE8}") = "Scripts", "Scripts", "{9BD33D6F-C6DB-4782-9FAA-47D96B0B4B6A}"
	ProjectSection(SolutionItems) = preProject
		Scripts\Export.lua = Scripts\Export.lua
		Scripts\MARS.lua = Scripts\MARS.lua
	EndProjectSection
EndProject
Project("{FAE04EC0-301F-11D3-BF4B-00C04F79EFBC}") = "Common", "Common\Common.csproj", "{66BA848B-01E8-48D1-A49F-64ACBC8FC86F}"
EndProject
Project("{FAE04EC0-301F-11D3-BF4B-00C04F79EFBC}") = "ControlPanel", "ControlPanel\ControlPanel.csproj", "{F677A73C-860C-4D2D-B426-BEADF01A125E}"
EndProject
Project("{FAE04EC0-301F-11D3-BF4B-00C04F79EFBC}") = "RadioPanel", "RadioPanel\RadioPanel.csproj", "{7DCE1F10-1ACE-4516-8BD7-081A541531C5}"
EndProject
Project("{FAE04EC0-301F-11D3-BF4B-00C04F79EFBC}") = "CommonTest", "CommonTest\CommonTest.csproj", "{7A77C367-904C-4009-9B2D-16A95B086DDB}"
EndProject
Project("{930C7802-8A8C-48F9-8165-68863BCCD9DD}") = "Setup", "Setup\Setup.wixproj", "{F044078E-AB66-4355-A5F9-EC37DE1CF954}"
EndProject
Project("{2150E333-8FDC-42A3-9474-1A3956D46DE8}") = ".nuget", ".nuget", "{E670886D-CD31-4004-89BF-49C26B824909}"
	ProjectSection(SolutionItems) = preProject
		.nuget\NuGet.Config = .nuget\NuGet.Config
		.nuget\NuGet.exe = .nuget\NuGet.exe
		.nuget\NuGet.targets = .nuget\NuGet.targets
	EndProjectSection
EndProject
Project("{2150E333-8FDC-42A3-9474-1A3956D46DE8}") = "Sounds", "Sounds", "{170B7B6D-96AA-4DD1-AB4A-DAF5D2208D59}"
	ProjectSection(SolutionItems) = preProject
		Sounds\ptt_up.raw = Sounds\ptt_up.raw
	EndProjectSection
EndProject
Project("{8BC9CEB8-8B4A-11D0-8D11-00A0C91BC942}") = "DSPFilters", "DSPFilters\DSPFilters.vcxproj", "{B19EB3EC-8944-4735-B332-5E0879C4ED5D}"
EndProject
Global
	GlobalSection(SolutionConfigurationPlatforms) = preSolution
		Debug|x64 = Debug|x64
		Release|x64 = Release|x64
		Test|x64 = Test|x64
	EndGlobalSection
	GlobalSection(ProjectConfigurationPlatforms) = postSolution
		{A48593C7-7CC3-4C46-9705-9BD264A8E95A}.Debug|x64.ActiveCfg = Debug|x64
		{A48593C7-7CC3-4C46-9705-9BD264A8E95A}.Debug|x64.Build.0 = Debug|x64
		{A48593C7-7CC3-4C46-9705-9BD264A8E95A}.Release|x64.ActiveCfg = Release|x64
		{A48593C7-7CC3-4C46-9705-9BD264A8E95A}.Release|x64.Build.0 = Release|x64
		{A48593C7-7CC3-4C46-9705-9BD264A8E95A}.Test|x64.ActiveCfg = Test|x64
		{A48593C7-7CC3-4C46-9705-9BD264A8E95A}.Test|x64.Build.0 = Test|x64
		{324AAA44-A8C8-4F9E-A71F-DF424E485BFA}.Debug|x64.ActiveCfg = Debug|x64
		{324AAA44-A8C8-4F9E-A71F-DF424E485BFA}.Release|x64.ActiveCfg = Release|x64
		{324AAA44-A8C8-4F9E-A71F-DF424E485BFA}.Test|x64.ActiveCfg = Debug|x64
		{324AAA44-A8C8-4F9E-A71F-DF424E485BFA}.Test|x64.Build.0 = Debug|x64
		{66BA848B-01E8-48D1-A49F-64ACBC8FC86F}.Debug|x64.ActiveCfg = Debug|x64
		{66BA848B-01E8-48D1-A49F-64ACBC8FC86F}.Debug|x64.Build.0 = Debug|x64
		{66BA848B-01E8-48D1-A49F-64ACBC8FC86F}.Release|x64.ActiveCfg = Release|x64
		{66BA848B-01E8-48D1-A49F-64ACBC8FC86F}.Release|x64.Build.0 = Release|x64
		{66BA848B-01E8-48D1-A49F-64ACBC8FC86F}.Test|x64.ActiveCfg = Release|x64
		{66BA848B-01E8-48D1-A49F-64ACBC8FC86F}.Test|x64.Build.0 = Release|x64
		{F677A73C-860C-4D2D-B426-BEADF01A125E}.Debug|x64.ActiveCfg = Debug|x64
		{F677A73C-860C-4D2D-B426-BEADF01A125E}.Debug|x64.Build.0 = Debug|x64
		{F677A73C-860C-4D2D-B426-BEADF01A125E}.Release|x64.ActiveCfg = Release|x64
		{F677A73C-860C-4D2D-B426-BEADF01A125E}.Release|x64.Build.0 = Release|x64
		{F677A73C-860C-4D2D-B426-BEADF01A125E}.Test|x64.ActiveCfg = Release|x64
		{F677A73C-860C-4D2D-B426-BEADF01A125E}.Test|x64.Build.0 = Release|x64
		{7DCE1F10-1ACE-4516-8BD7-081A541531C5}.Debug|x64.ActiveCfg = Debug|x64
		{7DCE1F10-1ACE-4516-8BD7-081A541531C5}.Debug|x64.Build.0 = Debug|x64
		{7DCE1F10-1ACE-4516-8BD7-081A541531C5}.Release|x64.ActiveCfg = Release|x64
		{7DCE1F10-1ACE-4516-8BD7-081A541531C5}.Release|x64.Build.0 = Release|x64
		{7DCE1F10-1ACE-4516-8BD7-081A541531C5}.Test|x64.ActiveCfg = Release|x64
		{7DCE1F10-1ACE-4516-8BD7-081A541531C5}.Test|x64.Build.0 = Release|x64
		{7A77C367-904C-4009-9B2D-16A95B086DDB}.Debug|x64.ActiveCfg = Debug|x64
		{7A77C367-904C-4009-9B2D-16A95B086DDB}.Release|x64.ActiveCfg = Release|x64
		{7A77C367-904C-4009-9B2D-16A95B086DDB}.Test|x64.ActiveCfg = Release|x64
		{7A77C367-904C-4009-9B2D-16A95B086DDB}.Test|x64.Build.0 = Release|x64
		{F044078E-AB66-4355-A5F9-EC37DE1CF954}.Debug|x64.ActiveCfg = Debug|x64
		{F044078E-AB66-4355-A5F9-EC37DE1CF954}.Release|x64.ActiveCfg = Release|x64
		{F044078E-AB66-4355-A5F9-EC37DE1CF954}.Release|x64.Build.0 = Release|x64
		{F044078E-AB66-4355-A5F9-EC37DE1CF954}.Test|x64.ActiveCfg = Release|x64
		{B19EB3EC-8944-4735-B332-5E0879C4ED5D}.Debug|x64.ActiveCfg = Debug|x64
		{B19EB3EC-8944-4735-B332-5E0879C4ED5D}.Release|x64.ActiveCfg = Release|x64
		{B19EB3EC-8944-4735-B332-5E0879C4ED5D}.Release|x64.Build.0 = Release|x64
		{B19EB3EC-8944-4735-B332-5E0879C4ED5D}.Test|x64.ActiveCfg = Release|x64
		{B19EB3EC-8944-4735-B332-5E0879C4ED5D}.Test|x64.Build.0 = Release|x64
	EndGlobalSection
	GlobalSection(SolutionProperties) = preSolution
		HideSolutionNode = FALSE
	EndGlobalSection
EndGlobal
