<?xml version="1.0" encoding="utf-8"?>
<Project ToolsVersion="4.0" xmlns="http://schemas.microsoft.com/developer/msbuild/2003">
  <ItemGroup>
    <Filter Include="Source Files">
      <UniqueIdentifier>{4FC737F1-C7A5-4376-A066-2A32D752A2FF}</UniqueIdentifier>
      <Extensions>cpp;c;cc;cxx;def;odl;idl;hpj;bat;asm;asmx</Extensions>
    </Filter>
    <Filter Include="Header Files">
      <UniqueIdentifier>{93995380-89BD-4b04-88EB-625FBE52EBFB}</UniqueIdentifier>
      <Extensions>h;hh;hpp;hxx;hm;inl;inc;xsd</Extensions>
    </Filter>
    <Filter Include="Resource Files">
      <UniqueIdentifier>{67DA6AB6-F800-4c08-8B7A-83BB121AAD01}</UniqueIdentifier>
      <Extensions>rc;ico;cur;bmp;dlg;rc2;rct;bin;rgs;gif;jpg;jpeg;jpe;resx;tiff;tif;png;wav;mfcribbon-ms</Extensions>
    </Filter>
  </ItemGroup>
  <ItemGroup>
    <ClCompile Include="source\Bessel.cpp">
      <Filter>Source Files</Filter>
    </ClCompile>
    <ClCompile Include="source\Biquad.cpp">
      <Filter>Source Files</Filter>
    </ClCompile>
    <ClCompile Include="source\Butterworth.cpp">
      <Filter>Source Files</Filter>
    </ClCompile>
    <ClCompile Include="source\Cascade.cpp">
      <Filter>Source Files</Filter>
    </ClCompile>
    <ClCompile Include="source\ChebyshevI.cpp">
      <Filter>Source Files</Filter>
    </ClCompile>
    <ClCompile Include="source\ChebyshevII.cpp">
      <Filter>Source Files</Filter>
    </ClCompile>
    <ClCompile Include="source\Custom.cpp">
      <Filter>Source Files</Filter>
    </ClCompile>
    <ClCompile Include="source\Design.cpp">
      <Filter>Source Files</Filter>
    </ClCompile>
    <ClCompile Include="source\Documentation.cpp">
      <Filter>Source Files</Filter>
    </ClCompile>
    <ClCompile Include="source\Elliptic.cpp">
      <Filter>Source Files</Filter>
    </ClCompile>
    <ClCompile Include="source\Filter.cpp">
      <Filter>Source Files</Filter>
    </ClCompile>
    <ClCompile Include="source\Legendre.cpp">
      <Filter>Source Files</Filter>
    </ClCompile>
    <ClCompile Include="source\Param.cpp">
      <Filter>Source Files</Filter>
    </ClCompile>
    <ClCompile Include="source\PoleFilter.cpp">
      <Filter>Source Files</Filter>
    </ClCompile>
    <ClCompile Include="source\RBJ.cpp">
      <Filter>Source Files</Filter>
    </ClCompile>
    <ClCompile Include="source\RootFinder.cpp">
      <Filter>Source Files</Filter>
    </ClCompile>
    <ClCompile Include="source\State.cpp">
      <Filter>Source Files</Filter>
    </ClCompile>
  </ItemGroup>
  <ItemGroup>
    <ClInclude Include="include\DspFilters\Bessel.h">
      <Filter>Header Files</Filter>
    </ClInclude>
    <ClInclude Include="include\DspFilters\Biquad.h">
      <Filter>Header Files</Filter>
    </ClInclude>
    <ClInclude Include="include\DspFilters\Butterworth.h">
      <Filter>Header Files</Filter>
    </ClInclude>
    <ClInclude Include="include\DspFilters\Cascade.h">
      <Filter>Header Files</Filter>
    </ClInclude>
    <ClInclude Include="include\DspFilters\ChebyshevI.h">
      <Filter>Header Files</Filter>
    </ClInclude>
    <ClInclude Include="include\DspFilters\ChebyshevII.h">
      <Filter>Header Files</Filter>
    </ClInclude>
    <ClInclude Include="include\DspFilters\Common.h">
      <Filter>Header Files</Filter>
    </ClInclude>
    <ClInclude Include="include\DspFilters\Custom.h">
      <Filter>Header Files</Filter>
    </ClInclude>
    <ClInclude Include="include\DspFilters\Design.h">
      <Filter>Header Files</Filter>
    </ClInclude>
    <ClInclude Include="include\DspFilters\Dsp.h">
      <Filter>Header Files</Filter>
    </ClInclude>
    <ClInclude Include="include\DspFilters\Elliptic.h">
      <Filter>Header Files</Filter>
    </ClInclude>
    <ClInclude Include="include\DspFilters\Filter.h">
      <Filter>Header Files</Filter>
    </ClInclude>
    <ClInclude Include="include\DspFilters\Layout.h">
      <Filter>Header Files</Filter>
    </ClInclude>
    <ClInclude Include="include\DspFilters\Legendre.h">
      <Filter>Header Files</Filter>
    </ClInclude>
    <ClInclude Include="include\DspFilters\MathSupplement.h">
      <Filter>Header Files</Filter>
    </ClInclude>
    <ClInclude Include="include\DspFilters\Params.h">
      <Filter>Header Files</Filter>
    </ClInclude>
    <ClInclude Include="include\DspFilters\PoleFilter.h">
      <Filter>Header Files</Filter>
    </ClInclude>
    <ClInclude Include="include\DspFilters\RBJ.h">
      <Filter>Header Files</Filter>
    </ClInclude>
    <ClInclude Include="include\DspFilters\RootFinder.h">
      <Filter>Header Files</Filter>
    </ClInclude>
    <ClInclude Include="include\DspFilters\SmoothedFilter.h">
      <Filter>Header Files</Filter>
    </ClInclude>
    <ClInclude Include="include\DspFilters\State.h">
      <Filter>Header Files</Filter>
    </ClInclude>
    <ClInclude Include="include\DspFilters\Types.h">
      <Filter>Header Files</Filter>
    </ClInclude>
    <ClInclude Include="include\DspFilters\Utilities.h">
      <Filter>Header Files</Filter>
    </ClInclude>
  </ItemGroup>
</Project>